// !$*UTF8*$!
{
	archiveVersion = 1;
	classes = {
	};
	objectVersion = 50;
	objects = {

/* Begin PBXBuildFile section */
		18B233C820C6349D003BEA47 /* AppDelegate.m in Sources */ = {isa = PBXBuildFile; fileRef = 18B233C720C6349D003BEA47 /* AppDelegate.m */; };
		18B233CB20C6349D003BEA47 /* ViewController.m in Sources */ = {isa = PBXBuildFile; fileRef = 18B233CA20C6349D003BEA47 /* ViewController.m */; };
		18B233CE20C6349D003BEA47 /* Main.storyboard in Resources */ = {isa = PBXBuildFile; fileRef = 18B233CC20C6349D003BEA47 /* Main.storyboard */; };
		18B233D020C6349F003BEA47 /* Assets.xcassets in Resources */ = {isa = PBXBuildFile; fileRef = 18B233CF20C6349F003BEA47 /* Assets.xcassets */; };
		18B233D320C6349F003BEA47 /* LaunchScreen.storyboard in Resources */ = {isa = PBXBuildFile; fileRef = 18B233D120C6349F003BEA47 /* LaunchScreen.storyboard */; };
		18B233D620C6349F003BEA47 /* main.m in Sources */ = {isa = PBXBuildFile; fileRef = 18B233D520C6349F003BEA47 /* main.m */; };
		18B233DE20C634FE003BEA47 /* NSObject+Property.m in Sources */ = {isa = PBXBuildFile; fileRef = 18B233DD20C634FE003BEA47 /* NSObject+Property.m */; };
		18B233E120C6385F003BEA47 /* Student.m in Sources */ = {isa = PBXBuildFile; fileRef = 18B233E020C6385F003BEA47 /* Student.m */; };
		18B233E420C66CF4003BEA47 /* NSObject+Model.m in Sources */ = {isa = PBXBuildFile; fileRef = 18B233E320C66CF4003BEA47 /* NSObject+Model.m */; };
		18B233ED20C68540003BEA47 /* Xiao.m in Sources */ = {isa = PBXBuildFile; fileRef = 18B233EC20C68540003BEA47 /* Xiao.m */; };
		18F7EBB620C76940005061EA /* AppDelegate.m in Sources */ = {isa = PBXBuildFile; fileRef = 18F7EBB520C76940005061EA /* AppDelegate.m */; };
		18F7EBB920C76940005061EA /* ViewController.m in Sources */ = {isa = PBXBuildFile; fileRef = 18F7EBB820C76940005061EA /* ViewController.m */; };
		18F7EBBC20C76940005061EA /* Main.storyboard in Resources */ = {isa = PBXBuildFile; fileRef = 18F7EBBA20C76940005061EA /* Main.storyboard */; };
		18F7EBBE20C76940005061EA /* Assets.xcassets in Resources */ = {isa = PBXBuildFile; fileRef = 18F7EBBD20C76940005061EA /* Assets.xcassets */; };
		18F7EBC120C76940005061EA /* LaunchScreen.storyboard in Resources */ = {isa = PBXBuildFile; fileRef = 18F7EBBF20C76940005061EA /* LaunchScreen.storyboard */; };
		18F7EBC420C76940005061EA /* main.m in Sources */ = {isa = PBXBuildFile; fileRef = 18F7EBC320C76940005061EA /* main.m */; };
		18F7EBCD20C76A1E005061EA /* Student.m in Sources */ = {isa = PBXBuildFile; fileRef = 18F7EBCC20C76A1E005061EA /* Student.m */; };
		18F7EBD320C76D2B005061EA /* Student+Ca.m in Sources */ = {isa = PBXBuildFile; fileRef = 18F7EBD220C76D2B005061EA /* Student+Ca.m */; };
		18F7EBD420C76D2B005061EA /* Student+Ca.m in Sources */ = {isa = PBXBuildFile; fileRef = 18F7EBD220C76D2B005061EA /* Student+Ca.m */; };
		18F7EBD720C76D8C005061EA /* NSObject+Ob.m in Sources */ = {isa = PBXBuildFile; fileRef = 18F7EBD620C76D8C005061EA /* NSObject+Ob.m */; };
		18F7EBD820C76D8C005061EA /* NSObject+Ob.m in Sources */ = {isa = PBXBuildFile; fileRef = 18F7EBD620C76D8C005061EA /* NSObject+Ob.m */; };
		18F7EBDB20C76E37005061EA /* Xiaoming.m in Sources */ = {isa = PBXBuildFile; fileRef = 18F7EBDA20C76E37005061EA /* Xiaoming.m */; };
		18F7EBDC20C76E37005061EA /* Xiaoming.m in Sources */ = {isa = PBXBuildFile; fileRef = 18F7EBDA20C76E37005061EA /* Xiaoming.m */; };
/* End PBXBuildFile section */

/* Begin PBXCopyFilesBuildPhase section */
		18F7EBAD20C768B5005061EA /* Embed App Extensions */ = {
			isa = PBXCopyFilesBuildPhase;
			buildActionMask = 2147483647;
			dstPath = "";
			dstSubfolderSpec = 13;
			files = (
			);
			name = "Embed App Extensions";
			runOnlyForDeploymentPostprocessing = 0;
		};
/* End PBXCopyFilesBuildPhase section */

/* Begin PBXFileReference section */
		18B233C320C6349D003BEA47 /* Runtime.app */ = {isa = PBXFileReference; explicitFileType = wrapper.application; includeInIndex = 0; path = Runtime.app; sourceTree = BUILT_PRODUCTS_DIR; };
		18B233C620C6349D003BEA47 /* AppDelegate.h */ = {isa = PBXFileReference; lastKnownFileType = sourcecode.c.h; path = AppDelegate.h; sourceTree = "<group>"; };
		18B233C720C6349D003BEA47 /* AppDelegate.m */ = {isa = PBXFileReference; lastKnownFileType = sourcecode.c.objc; path = AppDelegate.m; sourceTree = "<group>"; };
		18B233C920C6349D003BEA47 /* ViewController.h */ = {isa = PBXFileReference; lastKnownFileType = sourcecode.c.h; path = ViewController.h; sourceTree = "<group>"; };
		18B233CA20C6349D003BEA47 /* ViewController.m */ = {isa = PBXFileReference; lastKnownFileType = sourcecode.c.objc; path = ViewController.m; sourceTree = "<group>"; };
		18B233CD20C6349D003BEA47 /* Base */ = {isa = PBXFileReference; lastKnownFileType = file.storyboard; name = Base; path = Base.lproj/Main.storyboard; sourceTree = "<group>"; };
		18B233CF20C6349F003BEA47 /* Assets.xcassets */ = {isa = PBXFileReference; lastKnownFileType = folder.assetcatalog; path = Assets.xcassets; sourceTree = "<group>"; };
		18B233D220C6349F003BEA47 /* Base */ = {isa = PBXFileReference; lastKnownFileType = file.storyboard; name = Base; path = Base.lproj/LaunchScreen.storyboard; sourceTree = "<group>"; };
		18B233D420C6349F003BEA47 /* Info.plist */ = {isa = PBXFileReference; lastKnownFileType = text.plist.xml; path = Info.plist; sourceTree = "<group>"; };
		18B233D520C6349F003BEA47 /* main.m */ = {isa = PBXFileReference; lastKnownFileType = sourcecode.c.objc; path = main.m; sourceTree = "<group>"; };
		18B233DC20C634FE003BEA47 /* NSObject+Property.h */ = {isa = PBXFileReference; lastKnownFileType = sourcecode.c.h; path = "NSObject+Property.h"; sourceTree = "<group>"; };
		18B233DD20C634FE003BEA47 /* NSObject+Property.m */ = {isa = PBXFileReference; lastKnownFileType = sourcecode.c.objc; path = "NSObject+Property.m"; sourceTree = "<group>"; };
		18B233DF20C6385F003BEA47 /* Student.h */ = {isa = PBXFileReference; lastKnownFileType = sourcecode.c.h; path = Student.h; sourceTree = "<group>"; };
		18B233E020C6385F003BEA47 /* Student.m */ = {isa = PBXFileReference; lastKnownFileType = sourcecode.c.objc; path = Student.m; sourceTree = "<group>"; };
		18B233E220C66CF4003BEA47 /* NSObject+Model.h */ = {isa = PBXFileReference; lastKnownFileType = sourcecode.c.h; path = "NSObject+Model.h"; sourceTree = "<group>"; };
		18B233E320C66CF4003BEA47 /* NSObject+Model.m */ = {isa = PBXFileReference; lastKnownFileType = sourcecode.c.objc; path = "NSObject+Model.m"; sourceTree = "<group>"; };
		18B233EB20C68540003BEA47 /* Xiao.h */ = {isa = PBXFileReference; lastKnownFileType = sourcecode.c.h; path = Xiao.h; sourceTree = "<group>"; };
		18B233EC20C68540003BEA47 /* Xiao.m */ = {isa = PBXFileReference; lastKnownFileType = sourcecode.c.objc; path = Xiao.m; sourceTree = "<group>"; };
		18F7EBB220C76940005061EA /* Extend.app */ = {isa = PBXFileReference; explicitFileType = wrapper.application; includeInIndex = 0; path = Extend.app; sourceTree = BUILT_PRODUCTS_DIR; };
		18F7EBB420C76940005061EA /* AppDelegate.h */ = {isa = PBXFileReference; lastKnownFileType = sourcecode.c.h; path = AppDelegate.h; sourceTree = "<group>"; };
		18F7EBB520C76940005061EA /* AppDelegate.m */ = {isa = PBXFileReference; lastKnownFileType = sourcecode.c.objc; path = AppDelegate.m; sourceTree = "<group>"; };
		18F7EBB720C76940005061EA /* ViewController.h */ = {isa = PBXFileReference; lastKnownFileType = sourcecode.c.h; path = ViewController.h; sourceTree = "<group>"; };
		18F7EBB820C76940005061EA /* ViewController.m */ = {isa = PBXFileReference; lastKnownFileType = sourcecode.c.objc; path = ViewController.m; sourceTree = "<group>"; };
		18F7EBBB20C76940005061EA /* Base */ = {isa = PBXFileReference; lastKnownFileType = file.storyboard; name = Base; path = Base.lproj/Main.storyboard; sourceTree = "<group>"; };
		18F7EBBD20C76940005061EA /* Assets.xcassets */ = {isa = PBXFileReference; lastKnownFileType = folder.assetcatalog; path = Assets.xcassets; sourceTree = "<group>"; };
		18F7EBC020C76940005061EA /* Base */ = {isa = PBXFileReference; lastKnownFileType = file.storyboard; name = Base; path = Base.lproj/LaunchScreen.storyboard; sourceTree = "<group>"; };
		18F7EBC220C76940005061EA /* Info.plist */ = {isa = PBXFileReference; lastKnownFileType = text.plist.xml; path = Info.plist; sourceTree = "<group>"; };
		18F7EBC320C76940005061EA /* main.m */ = {isa = PBXFileReference; lastKnownFileType = sourcecode.c.objc; path = main.m; sourceTree = "<group>"; };
		18F7EBCB20C76A1E005061EA /* Student.h */ = {isa = PBXFileReference; lastKnownFileType = sourcecode.c.h; path = Student.h; sourceTree = "<group>"; };
		18F7EBCC20C76A1E005061EA /* Student.m */ = {isa = PBXFileReference; lastKnownFileType = sourcecode.c.objc; path = Student.m; sourceTree = "<group>"; };
		18F7EBD020C76CF5005061EA /* Student+Ex.h */ = {isa = PBXFileReference; lastKnownFileType = sourcecode.c.h; path = "Student+Ex.h"; sourceTree = "<group>"; };
		18F7EBD120C76D2B005061EA /* Student+Ca.h */ = {isa = PBXFileReference; lastKnownFileType = sourcecode.c.h; path = "Student+Ca.h"; sourceTree = "<group>"; };
		18F7EBD220C76D2B005061EA /* Student+Ca.m */ = {isa = PBXFileReference; lastKnownFileType = sourcecode.c.objc; path = "Student+Ca.m"; sourceTree = "<group>"; };
		18F7EBD520C76D8C005061EA /* NSObject+Ob.h */ = {isa = PBXFileReference; lastKnownFileType = sourcecode.c.h; path = "NSObject+Ob.h"; sourceTree = "<group>"; };
		18F7EBD620C76D8C005061EA /* NSObject+Ob.m */ = {isa = PBXFileReference; lastKnownFileType = sourcecode.c.objc; path = "NSObject+Ob.m"; sourceTree = "<group>"; };
		18F7EBD920C76E37005061EA /* Xiaoming.h */ = {isa = PBXFileReference; lastKnownFileType = sourcecode.c.h; path = Xiaoming.h; sourceTree = "<group>"; };
		18F7EBDA20C76E37005061EA /* Xiaoming.m */ = {isa = PBXFileReference; lastKnownFileType = sourcecode.c.objc; path = Xiaoming.m; sourceTree = "<group>"; };
/* End PBXFileReference section */

/* Begin PBXFrameworksBuildPhase section */
		18B233C020C6349D003BEA47 /* Frameworks */ = {
			isa = PBXFrameworksBuildPhase;
			buildActionMask = 2147483647;
			files = (
			);
			runOnlyForDeploymentPostprocessing = 0;
		};
		18F7EBAF20C76940005061EA /* Frameworks */ = {
			isa = PBXFrameworksBuildPhase;
			buildActionMask = 2147483647;
			files = (
			);
			runOnlyForDeploymentPostprocessing = 0;
		};
/* End PBXFrameworksBuildPhase section */

/* Begin PBXGroup section */
		18B233BA20C6349D003BEA47 = {
			isa = PBXGroup;
			children = (
				18B233C520C6349D003BEA47 /* Runtime */,
				18F7EBB320C76940005061EA /* Extend */,
				18B233C420C6349D003BEA47 /* Products */,
			);
			sourceTree = "<group>";
		};
		18B233C420C6349D003BEA47 /* Products */ = {
			isa = PBXGroup;
			children = (
				18B233C320C6349D003BEA47 /* Runtime.app */,
				18F7EBB220C76940005061EA /* Extend.app */,
			);
			name = Products;
			sourceTree = "<group>";
		};
		18B233C520C6349D003BEA47 /* Runtime */ = {
			isa = PBXGroup;
			children = (
				18B233C620C6349D003BEA47 /* AppDelegate.h */,
				18B233C720C6349D003BEA47 /* AppDelegate.m */,
				18B233C920C6349D003BEA47 /* ViewController.h */,
				18B233CA20C6349D003BEA47 /* ViewController.m */,
				18B233EB20C68540003BEA47 /* Xiao.h */,
				18B233EC20C68540003BEA47 /* Xiao.m */,
				18B233DF20C6385F003BEA47 /* Student.h */,
				18B233E020C6385F003BEA47 /* Student.m */,
				18B233E220C66CF4003BEA47 /* NSObject+Model.h */,
				18B233E320C66CF4003BEA47 /* NSObject+Model.m */,
				18B233DC20C634FE003BEA47 /* NSObject+Property.h */,
				18B233DD20C634FE003BEA47 /* NSObject+Property.m */,
				18B233CC20C6349D003BEA47 /* Main.storyboard */,
				18B233CF20C6349F003BEA47 /* Assets.xcassets */,
				18B233D120C6349F003BEA47 /* LaunchScreen.storyboard */,
				18B233D420C6349F003BEA47 /* Info.plist */,
				18B233D520C6349F003BEA47 /* main.m */,
			);
			path = Runtime;
			sourceTree = "<group>";
		};
		18F7EBB320C76940005061EA /* Extend */ = {
			isa = PBXGroup;
			children = (
				18F7EBB420C76940005061EA /* AppDelegate.h */,
				18F7EBB520C76940005061EA /* AppDelegate.m */,
				18F7EBB720C76940005061EA /* ViewController.h */,
				18F7EBB820C76940005061EA /* ViewController.m */,
				18F7EBCB20C76A1E005061EA /* Student.h */,
				18F7EBCC20C76A1E005061EA /* Student.m */,
				18F7EBD920C76E37005061EA /* Xiaoming.h */,
				18F7EBDA20C76E37005061EA /* Xiaoming.m */,
				18F7EBD120C76D2B005061EA /* Student+Ca.h */,
				18F7EBD220C76D2B005061EA /* Student+Ca.m */,
				18F7EBD520C76D8C005061EA /* NSObject+Ob.h */,
				18F7EBD620C76D8C005061EA /* NSObject+Ob.m */,
				18F7EBD020C76CF5005061EA /* Student+Ex.h */,
				18F7EBBA20C76940005061EA /* Main.storyboard */,
				18F7EBBD20C76940005061EA /* Assets.xcassets */,
				18F7EBBF20C76940005061EA /* LaunchScreen.storyboard */,
				18F7EBC220C76940005061EA /* Info.plist */,
				18F7EBC320C76940005061EA /* main.m */,
			);
			path = Extend;
			sourceTree = "<group>";
		};
/* End PBXGroup section */

/* Begin PBXNativeTarget section */
		18B233C220C6349D003BEA47 /* Runtime */ = {
			isa = PBXNativeTarget;
			buildConfigurationList = 18B233D920C6349F003BEA47 /* Build configuration list for PBXNativeTarget "Runtime" */;
			buildPhases = (
				18B233BF20C6349D003BEA47 /* Sources */,
				18B233C020C6349D003BEA47 /* Frameworks */,
				18B233C120C6349D003BEA47 /* Resources */,
				18F7EBAD20C768B5005061EA /* Embed App Extensions */,
			);
			buildRules = (
			);
			dependencies = (
			);
			name = Runtime;
			productName = Runtime;
			productReference = 18B233C320C6349D003BEA47 /* Runtime.app */;
			productType = "com.apple.product-type.application";
		};
		18F7EBB120C76940005061EA /* Extend */ = {
			isa = PBXNativeTarget;
			buildConfigurationList = 18F7EBC520C76940005061EA /* Build configuration list for PBXNativeTarget "Extend" */;
			buildPhases = (
				18F7EBAE20C76940005061EA /* Sources */,
				18F7EBAF20C76940005061EA /* Frameworks */,
				18F7EBB020C76940005061EA /* Resources */,
			);
			buildRules = (
			);
			dependencies = (
			);
			name = Extend;
			productName = Extend;
			productReference = 18F7EBB220C76940005061EA /* Extend.app */;
			productType = "com.apple.product-type.application";
		};
/* End PBXNativeTarget section */

/* Begin PBXProject section */
		18B233BB20C6349D003BEA47 /* Project object */ = {
			isa = PBXProject;
			attributes = {
				LastUpgradeCheck = 0930;
				ORGANIZATIONNAME = apple;
				TargetAttributes = {
					18B233C220C6349D003BEA47 = {
						CreatedOnToolsVersion = 9.3.1;
					};
					18F7EBB120C76940005061EA = {
						CreatedOnToolsVersion = 9.3.1;
					};
				};
			};
			buildConfigurationList = 18B233BE20C6349D003BEA47 /* Build configuration list for PBXProject "Runtime" */;
			compatibilityVersion = "Xcode 9.3";
			developmentRegion = en;
			hasScannedForEncodings = 0;
			knownRegions = (
				en,
				Base,
			);
			mainGroup = 18B233BA20C6349D003BEA47;
			productRefGroup = 18B233C420C6349D003BEA47 /* Products */;
			projectDirPath = "";
			projectRoot = "";
			targets = (
				18B233C220C6349D003BEA47 /* Runtime */,
				18F7EBB120C76940005061EA /* Extend */,
			);
		};
/* End PBXProject section */

/* Begin PBXResourcesBuildPhase section */
		18B233C120C6349D003BEA47 /* Resources */ = {
			isa = PBXResourcesBuildPhase;
			buildActionMask = 2147483647;
			files = (
				18B233D320C6349F003BEA47 /* LaunchScreen.storyboard in Resources */,
				18B233D020C6349F003BEA47 /* Assets.xcassets in Resources */,
				18B233CE20C6349D003BEA47 /* Main.storyboard in Resources */,
			);
			runOnlyForDeploymentPostprocessing = 0;
		};
		18F7EBB020C76940005061EA /* Resources */ = {
			isa = PBXResourcesBuildPhase;
			buildActionMask = 2147483647;
			files = (
				18F7EBC120C76940005061EA /* LaunchScreen.storyboard in Resources */,
				18F7EBBE20C76940005061EA /* Assets.xcassets in Resources */,
				18F7EBBC20C76940005061EA /* Main.storyboard in Resources */,
			);
			runOnlyForDeploymentPostprocessing = 0;
		};
/* End PBXResourcesBuildPhase section */

/* Begin PBXSourcesBuildPhase section */
		18B233BF20C6349D003BEA47 /* Sources */ = {
			isa = PBXSourcesBuildPhase;
			buildActionMask = 2147483647;
			files = (
				18B233CB20C6349D003BEA47 /* ViewController.m in Sources */,
				18F7EBDB20C76E37005061EA /* Xiaoming.m in Sources */,
				18B233D620C6349F003BEA47 /* main.m in Sources */,
				18B233E120C6385F003BEA47 /* Student.m in Sources */,
				18B233E420C66CF4003BEA47 /* NSObject+Model.m in Sources */,
				18B233DE20C634FE003BEA47 /* NSObject+Property.m in Sources */,
				18F7EBD320C76D2B005061EA /* Student+Ca.m in Sources */,
				18B233ED20C68540003BEA47 /* Xiao.m in Sources */,
				18F7EBD720C76D8C005061EA /* NSObject+Ob.m in Sources */,
				18B233C820C6349D003BEA47 /* AppDelegate.m in Sources */,
			);
			runOnlyForDeploymentPostprocessing = 0;
		};
		18F7EBAE20C76940005061EA /* Sources */ = {
			isa = PBXSourcesBuildPhase;
			buildActionMask = 2147483647;
			files = (
				18F7EBD420C76D2B005061EA /* Student+Ca.m in Sources */,
				18F7EBB920C76940005061EA /* ViewController.m in Sources */,
				18F7EBDC20C76E37005061EA /* Xiaoming.m in Sources */,
				18F7EBC420C76940005061EA /* main.m in Sources */,
				18F7EBCD20C76A1E005061EA /* Student.m in Sources */,
				18F7EBD820C76D8C005061EA /* NSObject+Ob.m in Sources */,
				18F7EBB620C76940005061EA /* AppDelegate.m in Sources */,
			);
			runOnlyForDeploymentPostprocessing = 0;
		};
/* End PBXSourcesBuildPhase section */

/* Begin PBXVariantGroup section */
		18B233CC20C6349D003BEA47 /* Main.storyboard */ = {
			isa = PBXVariantGroup;
			children = (
				18B233CD20C6349D003BEA47 /* Base */,
			);
			name = Main.storyboard;
			sourceTree = "<group>";
		};
		18B233D120C6349F003BEA47 /* LaunchScreen.storyboard */ = {
			isa = PBXVariantGroup;
			children = (
				18B233D220C6349F003BEA47 /* Base */,
			);
			name = LaunchScreen.storyboard;
			sourceTree = "<group>";
		};
		18F7EBBA20C76940005061EA /* Main.storyboard */ = {
			isa = PBXVariantGroup;
			children = (
				18F7EBBB20C76940005061EA /* Base */,
			);
			name = Main.storyboard;
			sourceTree = "<group>";
		};
		18F7EBBF20C76940005061EA /* LaunchScreen.storyboard */ = {
			isa = PBXVariantGroup;
			children = (
				18F7EBC020C76940005061EA /* Base */,
			);
			name = LaunchScreen.storyboard;
			sourceTree = "<group>";
		};
/* End PBXVariantGroup section */

/* Begin XCBuildConfiguration section */
		18B233D720C6349F003BEA47 /* Debug */ = {
			isa = XCBuildConfiguration;
			buildSettings = {
				ALWAYS_SEARCH_USER_PATHS = NO;
				CLANG_ANALYZER_NONNULL = YES;
				CLANG_ANALYZER_NUMBER_OBJECT_CONVERSION = YES_AGGRESSIVE;
				CLANG_CXX_LANGUAGE_STANDARD = "gnu++14";
				CLANG_CXX_LIBRARY = "libc++";
				CLANG_ENABLE_MODULES = YES;
				CLANG_ENABLE_OBJC_ARC = YES;
				CLANG_ENABLE_OBJC_WEAK = YES;
				CLANG_WARN_BLOCK_CAPTURE_AUTORELEASING = YES;
				CLANG_WARN_BOOL_CONVERSION = YES;
				CLANG_WARN_COMMA = YES;
				CLANG_WARN_CONSTANT_CONVERSION = YES;
				CLANG_WARN_DEPRECATED_OBJC_IMPLEMENTATIONS = YES;
				CLANG_WARN_DIRECT_OBJC_ISA_USAGE = YES_ERROR;
				CLANG_WARN_DOCUMENTATION_COMMENTS = YES;
				CLANG_WARN_EMPTY_BODY = YES;
				CLANG_WARN_ENUM_CONVERSION = YES;
				CLANG_WARN_INFINITE_RECURSION = YES;
				CLANG_WARN_INT_CONVERSION = YES;
				CLANG_WARN_NON_LITERAL_NULL_CONVERSION = YES;
				CLANG_WARN_OBJC_IMPLICIT_RETAIN_SELF = YES;
				CLANG_WARN_OBJC_LITERAL_CONVERSION = YES;
				CLANG_WARN_OBJC_ROOT_CLASS = YES_ERROR;
				CLANG_WARN_RANGE_LOOP_ANALYSIS = YES;
				CLANG_WARN_STRICT_PROTOTYPES = YES;
				CLANG_WARN_SUSPICIOUS_MOVE = YES;
				CLANG_WARN_UNGUARDED_AVAILABILITY = YES_AGGRESSIVE;
				CLANG_WARN_UNREACHABLE_CODE = YES;
				CLANG_WARN__DUPLICATE_METHOD_MATCH = YES;
				CODE_SIGN_IDENTITY = "iPhone Developer";
				COPY_PHASE_STRIP = NO;
				DEBUG_INFORMATION_FORMAT = dwarf;
				ENABLE_STRICT_OBJC_MSGSEND = YES;
				ENABLE_TESTABILITY = YES;
				GCC_C_LANGUAGE_STANDARD = gnu11;
				GCC_DYNAMIC_NO_PIC = NO;
				GCC_NO_COMMON_BLOCKS = YES;
				GCC_OPTIMIZATION_LEVEL = 0;
				GCC_PREPROCESSOR_DEFINITIONS = (
					"DEBUG=1",
					"$(inherited)",
				);
				GCC_WARN_64_TO_32_BIT_CONVERSION = YES;
				GCC_WARN_ABOUT_RETURN_TYPE = YES_ERROR;
				GCC_WARN_UNDECLARED_SELECTOR = YES;
				GCC_WARN_UNINITIALIZED_AUTOS = YES_AGGRESSIVE;
				GCC_WARN_UNUSED_FUNCTION = YES;
				GCC_WARN_UNUSED_VARIABLE = YES;
				IPHONEOS_DEPLOYMENT_TARGET = 11.3;
				MTL_ENABLE_DEBUG_INFO = YES;
				ONLY_ACTIVE_ARCH = YES;
				SDKROOT = iphoneos;
			};
			name = Debug;
		};
		18B233D820C6349F003BEA47 /* Release */ = {
			isa = XCBuildConfiguration;
			buildSettings = {
				ALWAYS_SEARCH_USER_PATHS = NO;
				CLANG_ANALYZER_NONNULL = YES;
				CLANG_ANALYZER_NUMBER_OBJECT_CONVERSION = YES_AGGRESSIVE;
				CLANG_CXX_LANGUAGE_STANDARD = "gnu++14";
				CLANG_CXX_LIBRARY = "libc++";
				CLANG_ENABLE_MODULES = YES;
				CLANG_ENABLE_OBJC_ARC = YES;
				CLANG_ENABLE_OBJC_WEAK = YES;
				CLANG_WARN_BLOCK_CAPTURE_AUTORELEASING = YES;
				CLANG_WARN_BOOL_CONVERSION = YES;
				CLANG_WARN_COMMA = YES;
				CLANG_WARN_CONSTANT_CONVERSION = YES;
				CLANG_WARN_DEPRECATED_OBJC_IMPLEMENTATIONS = YES;
				CLANG_WARN_DIRECT_OBJC_ISA_USAGE = YES_ERROR;
				CLANG_WARN_DOCUMENTATION_COMMENTS = YES;
				CLANG_WARN_EMPTY_BODY = YES;
				CLANG_WARN_ENUM_CONVERSION = YES;
				CLANG_WARN_INFINITE_RECURSION = YES;
				CLANG_WARN_INT_CONVERSION = YES;
				CLANG_WARN_NON_LITERAL_NULL_CONVERSION = YES;
				CLANG_WARN_OBJC_IMPLICIT_RETAIN_SELF = YES;
				CLANG_WARN_OBJC_LITERAL_CONVERSION = YES;
				CLANG_WARN_OBJC_ROOT_CLASS = YES_ERROR;
				CLANG_WARN_RANGE_LOOP_ANALYSIS = YES;
				CLANG_WARN_STRICT_PROTOTYPES = YES;
				CLANG_WARN_SUSPICIOUS_MOVE = YES;
				CLANG_WARN_UNGUARDED_AVAILABILITY = YES_AGGRESSIVE;
				CLANG_WARN_UNREACHABLE_CODE = YES;
				CLANG_WARN__DUPLICATE_METHOD_MATCH = YES;
				CODE_SIGN_IDENTITY = "iPhone Developer";
				COPY_PHASE_STRIP = NO;
				DEBUG_INFORMATION_FORMAT = "dwarf-with-dsym";
				ENABLE_NS_ASSERTIONS = NO;
				ENABLE_STRICT_OBJC_MSGSEND = YES;
				GCC_C_LANGUAGE_STANDARD = gnu11;
				GCC_NO_COMMON_BLOCKS = YES;
				GCC_WARN_64_TO_32_BIT_CONVERSION = YES;
				GCC_WARN_ABOUT_RETURN_TYPE = YES_ERROR;
				GCC_WARN_UNDECLARED_SELECTOR = YES;
				GCC_WARN_UNINITIALIZED_AUTOS = YES_AGGRESSIVE;
				GCC_WARN_UNUSED_FUNCTION = YES;
				GCC_WARN_UNUSED_VARIABLE = YES;
				IPHONEOS_DEPLOYMENT_TARGET = 11.3;
				MTL_ENABLE_DEBUG_INFO = NO;
				SDKROOT = iphoneos;
				VALIDATE_PRODUCT = YES;
			};
			name = Release;
		};
		18B233DA20C6349F003BEA47 /* Debug */ = {
			isa = XCBuildConfiguration;
			buildSettings = {
				ASSETCATALOG_COMPILER_APPICON_NAME = AppIcon;
				CODE_SIGN_STYLE = Automatic;
				INFOPLIST_FILE = Runtime/Info.plist;
				LD_RUNPATH_SEARCH_PATHS = (
					"$(inherited)",
					"@executable_path/Frameworks",
				);
				PRODUCT_BUNDLE_IDENTIFIER = com.cxw.Runtime;
				PRODUCT_NAME = "$(TARGET_NAME)";
				TARGETED_DEVICE_FAMILY = "1,2";
			};
			name = Debug;
		};
		18B233DB20C6349F003BEA47 /* Release */ = {
			isa = XCBuildConfiguration;
			buildSettings = {
				ASSETCATALOG_COMPILER_APPICON_NAME = AppIcon;
				CODE_SIGN_STYLE = Automatic;
				INFOPLIST_FILE = Runtime/Info.plist;
				LD_RUNPATH_SEARCH_PATHS = (
					"$(inherited)",
					"@executable_path/Frameworks",
				);
				PRODUCT_BUNDLE_IDENTIFIER = com.cxw.Runtime;
				PRODUCT_NAME = "$(TARGET_NAME)";
				TARGETED_DEVICE_FAMILY = "1,2";
			};
			name = Release;
		};
		18F7EBC620C76940005061EA /* Debug */ = {
			isa = XCBuildConfiguration;
			buildSettings = {
				ASSETCATALOG_COMPILER_APPICON_NAME = AppIcon;
				CODE_SIGN_STYLE = Automatic;
				INFOPLIST_FILE = Extend/Info.plist;
				LD_RUNPATH_SEARCH_PATHS = (
					"$(inherited)",
					"@executable_path/Frameworks",
				);
				PRODUCT_BUNDLE_IDENTIFIER = com.cxw.Extend;
				PRODUCT_NAME = "$(TARGET_NAME)";
				TARGETED_DEVICE_FAMILY = "1,2";
			};
			name = Debug;
		};
		18F7EBC720C76940005061EA /* Release */ = {
			isa = XCBuildConfiguration;
			buildSettings = {
				ASSETCATALOG_COMPILER_APPICON_NAME = AppIcon;
				CODE_SIGN_STYLE = Automatic;
				INFOPLIST_FILE = Extend/Info.plist;
				LD_RUNPATH_SEARCH_PATHS = (
					"$(inherited)",
					"@executable_path/Frameworks",
				);
				PRODUCT_BUNDLE_IDENTIFIER = com.cxw.Extend;
				PRODUCT_NAME = "$(TARGET_NAME)";
				TARGETED_DEVICE_FAMILY = "1,2";
			};
			name = Release;
		};
/* End XCBuildConfiguration section */

/* Begin XCConfigurationList section */
		18B233BE20C6349D003BEA47 /* Build configuration list for PBXProject "Runtime" */ = {
			isa = XCConfigurationList;
			buildConfigurations = (
				18B233D720C6349F003BEA47 /* Debug */,
				18B233D820C6349F003BEA47 /* Release */,
			);
			defaultConfigurationIsVisible = 0;
			defaultConfigurationName = Release;
		};
		18B233D920C6349F003BEA47 /* Build configuration list for PBXNativeTarget "Runtime" */ = {
			isa = XCConfigurationList;
			buildConfigurations = (
				18B233DA20C6349F003BEA47 /* Debug */,
				18B233DB20C6349F003BEA47 /* Release */,
			);
			defaultConfigurationIsVisible = 0;
			defaultConfigurationName = Release;
		};
		18F7EBC520C76940005061EA /* Build configuration list for PBXNativeTarget "Extend" */ = {
			isa = XCConfigurationList;
			buildConfigurations = (
				18F7EBC620C76940005061EA /* Debug */,
				18F7EBC720C76940005061EA /* Release */,
			);
			defaultConfigurationIsVisible = 0;
			defaultConfigurationName = Release;
		};
/* End XCConfigurationList section */
	};
	rootObject = 18B233BB20C6349D003BEA47 /* Project object */;
}
